
Microsoft Visual Studio Solution File, Format Version 12.00
# Visual Studio Version 16
VisualStudioVersion = 16.0.30413.136
MinimumVisualStudioVersion = 10.0.40219.1
Project("{FAE04EC0-301F-11D3-BF4B-00C04F79EFBC}") = "CalcTemp", "CalcTemp.csproj", "{017BA871-AD49-435B-8632-68FE683AA43E}"
EndProject
Global
	GlobalSection(SolutionConfigurationPlatforms) = preSolution
		Debug|Any CPU = Debug|Any CPU
		Release|Any CPU = Release|Any CPU
	EndGlobalSection
	GlobalSection(ProjectConfigurationPlatforms) = postSolution
		{017BA871-AD49-435B-8632-68FE683AA43E}.Debug|Any CPU.ActiveCfg = Debug|Any CPU
		{017BA871-AD49-435B-8632-68FE683AA43E}.Debug|Any CPU.Build.0 = Debug|Any CPU
		{017BA871-AD49-435B-8632-68FE683AA43E}.Release|Any CPU.ActiveCfg = Release|Any CPU
		{017BA871-AD49-435B-8632-68FE683AA43E}.Release|Any CPU.Build.0 = Release|Any CPU
	EndGlobalSection
	GlobalSection(SolutionProperties) = preSolution
		HideSolutionNode = FALSE
	EndGlobalSection
	GlobalSection(ExtensibilityGlobals) = postSolution
		SolutionGuid = {7A882C54-21DA-470E-ADBE-47C974AC1E85}
	EndGlobalSection
EndGlobal
